// !$*UTF8*$!
{
	archiveVersion = 1;
	classes = {
	};
	objectVersion = 50;
	objects = {

/* Begin PBXBuildFile section */
		3C31542820E5891100C50950 /* Copy.swift in Sources */ = {isa = PBXBuildFile; fileRef = 3C31542720E5891100C50950 /* Copy.swift */; };
		3C567B4420EFE07E003D3A76 /* Connection.swift in Sources */ = {isa = PBXBuildFile; fileRef = 3C567B4320EFE07E003D3A76 /* Connection.swift */; };
		3C567B4620EFE15C003D3A76 /* AlmoConnection.swift in Sources */ = {isa = PBXBuildFile; fileRef = 3C567B4520EFE15C003D3A76 /* AlmoConnection.swift */; };
		3C567B4920EFE1DB003D3A76 /* StubConnection.swift in Sources */ = {isa = PBXBuildFile; fileRef = 3C567B4820EFE1DB003D3A76 /* StubConnection.swift */; };
		3C567B4E20F00A64003D3A76 /* SoundPlayer.swift in Sources */ = {isa = PBXBuildFile; fileRef = 3C567B4D20F00A64003D3A76 /* SoundPlayer.swift */; };
		3C7273C920E2B74E00FC69DA /* View.swift in Sources */ = {isa = PBXBuildFile; fileRef = 3C7273C820E2B74E00FC69DA /* View.swift */; };
		3C73012120E37A3200C139BA /* RealmSwift.framework in Frameworks */ = {isa = PBXBuildFile; fileRef = 3C73011F20E37A3100C139BA /* RealmSwift.framework */; };
		3C73012220E37A3200C139BA /* Realm.framework in Frameworks */ = {isa = PBXBuildFile; fileRef = 3C73012020E37A3100C139BA /* Realm.framework */; };
		3C8EE06F20E43C7B0057D8B7 /* PinyinDetailViewController.swift in Sources */ = {isa = PBXBuildFile; fileRef = 3C8EE06E20E43C7B0057D8B7 /* PinyinDetailViewController.swift */; };
		3C8EE07120E43C820057D8B7 /* PinyinDetailIntent.swift in Sources */ = {isa = PBXBuildFile; fileRef = 3C8EE07020E43C820057D8B7 /* PinyinDetailIntent.swift */; };
		3C8EE07320E43C9C0057D8B7 /* PinyinDetailResult.swift in Sources */ = {isa = PBXBuildFile; fileRef = 3C8EE07220E43C9C0057D8B7 /* PinyinDetailResult.swift */; };
		3C8EE07520E43CA80057D8B7 /* PinyinDetailViewState.swift in Sources */ = {isa = PBXBuildFile; fileRef = 3C8EE07420E43CA80057D8B7 /* PinyinDetailViewState.swift */; };
		3C8EE07720E43CB90057D8B7 /* PinyinDetailViewModel.swift in Sources */ = {isa = PBXBuildFile; fileRef = 3C8EE07620E43CB90057D8B7 /* PinyinDetailViewModel.swift */; };
		3C8F00F920E62C9000022DF6 /* SearchPinyin.swift in Sources */ = {isa = PBXBuildFile; fileRef = 3C8F00F820E62C9000022DF6 /* SearchPinyin.swift */; };
		3C8F00FB20E62CD500022DF6 /* SavePinyin.swift in Sources */ = {isa = PBXBuildFile; fileRef = 3C8F00FA20E62CD500022DF6 /* SavePinyin.swift */; };
		3C8F00FD20E62D0800022DF6 /* CountPinyin.swift in Sources */ = {isa = PBXBuildFile; fileRef = 3C8F00FC20E62D0800022DF6 /* CountPinyin.swift */; };
		3C8F010120E636BD00022DF6 /* PinyinListTableView.swift in Sources */ = {isa = PBXBuildFile; fileRef = 3C8F010020E636BD00022DF6 /* PinyinListTableView.swift */; };
		3C8F010420E636E100022DF6 /* PinyinEnglishTableViewCell.swift in Sources */ = {isa = PBXBuildFile; fileRef = 3C8F010320E636E100022DF6 /* PinyinEnglishTableViewCell.swift */; };
		3C8F010620E6370900022DF6 /* PinyinEnglishTableViewCell.xib in Resources */ = {isa = PBXBuildFile; fileRef = 3C8F010520E6370900022DF6 /* PinyinEnglishTableViewCell.xib */; };
		3C8F010920E6390300022DF6 /* PinyinEnglishTableView.swift in Sources */ = {isa = PBXBuildFile; fileRef = 3C8F010820E6390300022DF6 /* PinyinEnglishTableView.swift */; };
		3C8F010D20E658E300022DF6 /* PinyinCharacterTableViewCell.swift in Sources */ = {isa = PBXBuildFile; fileRef = 3C8F010C20E658E300022DF6 /* PinyinCharacterTableViewCell.swift */; };
		3C8F010F20E658F600022DF6 /* PinyinCharacterTableView.swift in Sources */ = {isa = PBXBuildFile; fileRef = 3C8F010E20E658F600022DF6 /* PinyinCharacterTableView.swift */; };
		3C8F011320E6598B00022DF6 /* PinyinCharacterTableViewCell.xib in Resources */ = {isa = PBXBuildFile; fileRef = 3C8F011220E6598B00022DF6 /* PinyinCharacterTableViewCell.xib */; };
		3C8F011520E65AC200022DF6 /* PinyinPhoneticTableViewCell.swift in Sources */ = {isa = PBXBuildFile; fileRef = 3C8F011420E65AC200022DF6 /* PinyinPhoneticTableViewCell.swift */; };
		3C8F011720E65ACE00022DF6 /* PinyinPhoneticTableView.swift in Sources */ = {isa = PBXBuildFile; fileRef = 3C8F011620E65ACE00022DF6 /* PinyinPhoneticTableView.swift */; };
		3C8F011B20E65B4800022DF6 /* PinyinPhoneticTableViewCell.xib in Resources */ = {isa = PBXBuildFile; fileRef = 3C8F011A20E65B4800022DF6 /* PinyinPhoneticTableViewCell.xib */; };
		3CAF730D20E41E0400C63759 /* SearchViewController.swift in Sources */ = {isa = PBXBuildFile; fileRef = 3CAF730C20E41E0400C63759 /* SearchViewController.swift */; };
		3CAF730F20E41E0E00C63759 /* SearchViewModel.swift in Sources */ = {isa = PBXBuildFile; fileRef = 3CAF730E20E41E0E00C63759 /* SearchViewModel.swift */; };
		3CAF731120E41E1600C63759 /* SearchIntent.swift in Sources */ = {isa = PBXBuildFile; fileRef = 3CAF731020E41E1600C63759 /* SearchIntent.swift */; };
		3CAF731320E41E2200C63759 /* SearchViewState.swift in Sources */ = {isa = PBXBuildFile; fileRef = 3CAF731220E41E2200C63759 /* SearchViewState.swift */; };
		3CAF731520E41E2C00C63759 /* SearchResult.swift in Sources */ = {isa = PBXBuildFile; fileRef = 3CAF731420E41E2C00C63759 /* SearchResult.swift */; };
		3CAF731720E4255D00C63759 /* SearchPage.swift in Sources */ = {isa = PBXBuildFile; fileRef = 3CAF731620E4255D00C63759 /* SearchPage.swift */; };
		3CB8A9CD20EF734D00D32E61 /* SegueBundle.swift in Sources */ = {isa = PBXBuildFile; fileRef = 3CB8A9CC20EF734D00D32E61 /* SegueBundle.swift */; };
		3CBF3D9D20E42DE400F19354 /* PinyinListViewController.swift in Sources */ = {isa = PBXBuildFile; fileRef = 3CBF3D9C20E42DE400F19354 /* PinyinListViewController.swift */; };
		3CBF3D9F20E42DF300F19354 /* PinyinListViewModel.swift in Sources */ = {isa = PBXBuildFile; fileRef = 3CBF3D9E20E42DF300F19354 /* PinyinListViewModel.swift */; };
		3CBF3DA120E42DFD00F19354 /* PinyinListIntent.swift in Sources */ = {isa = PBXBuildFile; fileRef = 3CBF3DA020E42DFD00F19354 /* PinyinListIntent.swift */; };
		3CBF3DA320E42E0D00F19354 /* PinyinListViewState.swift in Sources */ = {isa = PBXBuildFile; fileRef = 3CBF3DA220E42E0D00F19354 /* PinyinListViewState.swift */; };
		3CBF3DA520E42E1C00F19354 /* PinyinListResult.swift in Sources */ = {isa = PBXBuildFile; fileRef = 3CBF3DA420E42E1C00F19354 /* PinyinListResult.swift */; };
		3CBF3DA820E4349200F19354 /* PinyinPhoneticViewController.swift in Sources */ = {isa = PBXBuildFile; fileRef = 3CBF3DA720E4349200F19354 /* PinyinPhoneticViewController.swift */; };
		3CBF3DAA20E4349C00F19354 /* PinyinPhoneticViewModel.swift in Sources */ = {isa = PBXBuildFile; fileRef = 3CBF3DA920E4349C00F19354 /* PinyinPhoneticViewModel.swift */; };
		3CBF3DAD20E434AD00F19354 /* PinyinCharacterViewController.swift in Sources */ = {isa = PBXBuildFile; fileRef = 3CBF3DAC20E434AD00F19354 /* PinyinCharacterViewController.swift */; };
		3CBF3DAF20E434B500F19354 /* PinyinCharacterViewModel.swift in Sources */ = {isa = PBXBuildFile; fileRef = 3CBF3DAE20E434B500F19354 /* PinyinCharacterViewModel.swift */; };
		3CBF3DB220E434C900F19354 /* PinyinEnglishViewController.swift in Sources */ = {isa = PBXBuildFile; fileRef = 3CBF3DB120E434C900F19354 /* PinyinEnglishViewController.swift */; };
		3CBF3DB420E434D200F19354 /* PinyinEnglishViewModel.swift in Sources */ = {isa = PBXBuildFile; fileRef = 3CBF3DB320E434D200F19354 /* PinyinEnglishViewModel.swift */; };
		3CC08B8220E2A4DF00C32823 /* RxHttp.swift in Sources */ = {isa = PBXBuildFile; fileRef = 3CC08B8120E2A4DF00C32823 /* RxHttp.swift */; };
		3CC08B8420E2A59600C32823 /* Logger.swift in Sources */ = {isa = PBXBuildFile; fileRef = 3CC08B8320E2A59600C32823 /* Logger.swift */; };
		3CC08B8620E2A8F400C32823 /* HttpResponse.swift in Sources */ = {isa = PBXBuildFile; fileRef = 3CC08B8520E2A8F400C32823 /* HttpResponse.swift */; };
		3CC08B8C20E2ABB800C32823 /* Alamofire.framework in Frameworks */ = {isa = PBXBuildFile; fileRef = 3CC08B8920E2ABB800C32823 /* Alamofire.framework */; };
		3CC08B9120E2AE8200C32823 /* PinyinApi.swift in Sources */ = {isa = PBXBuildFile; fileRef = 3CC08B9020E2AE8200C32823 /* PinyinApi.swift */; };
		3CC08B9320E2AECD00C32823 /* PinyinWrapperJson.swift in Sources */ = {isa = PBXBuildFile; fileRef = 3CC08B9220E2AECD00C32823 /* PinyinWrapperJson.swift */; };
		3CC08B9520E2AF1500C32823 /* PinyinJson.swift in Sources */ = {isa = PBXBuildFile; fileRef = 3CC08B9420E2AF1500C32823 /* PinyinJson.swift */; };
		3CC08B9720E2B10C00C32823 /* ApiConfig.swift in Sources */ = {isa = PBXBuildFile; fileRef = 3CC08B9620E2B10C00C32823 /* ApiConfig.swift */; };
		3CC08B9A20E2B1F100C32823 /* FetchAndSavePinyin.swift in Sources */ = {isa = PBXBuildFile; fileRef = 3CC08B9920E2B1F100C32823 /* FetchAndSavePinyin.swift */; };
		3CC08B9C20E2B25600C32823 /* Pinyin.swift in Sources */ = {isa = PBXBuildFile; fileRef = 3CC08B9B20E2B25600C32823 /* Pinyin.swift */; };
		3CCBF18920DD027200056A8F /* AppDelegate.swift in Sources */ = {isa = PBXBuildFile; fileRef = 3CCBF18820DD027200056A8F /* AppDelegate.swift */; };
		3CCBF18B20DD027200056A8F /* EntryViewController.swift in Sources */ = {isa = PBXBuildFile; fileRef = 3CCBF18A20DD027200056A8F /* EntryViewController.swift */; };
		3CCBF18E20DD027200056A8F /* Main.storyboard in Resources */ = {isa = PBXBuildFile; fileRef = 3CCBF18C20DD027200056A8F /* Main.storyboard */; };
		3CCBF19020DD027300056A8F /* Assets.xcassets in Resources */ = {isa = PBXBuildFile; fileRef = 3CCBF18F20DD027300056A8F /* Assets.xcassets */; };
		3CCBF19320DD027300056A8F /* LaunchScreen.storyboard in Resources */ = {isa = PBXBuildFile; fileRef = 3CCBF19120DD027300056A8F /* LaunchScreen.storyboard */; };
		3CCBF19E20DD027300056A8F /* swift_mviTests.swift in Sources */ = {isa = PBXBuildFile; fileRef = 3CCBF19D20DD027300056A8F /* swift_mviTests.swift */; };
		3CCBF1A920DD027400056A8F /* swift_mviUITests.swift in Sources */ = {isa = PBXBuildFile; fileRef = 3CCBF1A820DD027400056A8F /* swift_mviUITests.swift */; };
		3CCBF1BB20E0B87700056A8F /* RxSwift.framework in Frameworks */ = {isa = PBXBuildFile; fileRef = 3CCBF1B720E0B87700056A8F /* RxSwift.framework */; };
		3CCBF1BD20E0B87700056A8F /* RxCocoa.framework in Frameworks */ = {isa = PBXBuildFile; fileRef = 3CCBF1B920E0B87700056A8F /* RxCocoa.framework */; };
		3CCBF1BE20E0B87700056A8F /* RxBlocking.framework in Frameworks */ = {isa = PBXBuildFile; fileRef = 3CCBF1BA20E0B87700056A8F /* RxBlocking.framework */; };
		3CCBF1C420E0BD2B00056A8F /* MviViewController.swift in Sources */ = {isa = PBXBuildFile; fileRef = 3CCBF1C320E0BD2B00056A8F /* MviViewController.swift */; };
		3CCBF1C620E0BD4E00056A8F /* MviViewModel.swift in Sources */ = {isa = PBXBuildFile; fileRef = 3CCBF1C520E0BD4E00056A8F /* MviViewModel.swift */; };
		3CCBF1C820E0BD7100056A8F /* MviIntent.swift in Sources */ = {isa = PBXBuildFile; fileRef = 3CCBF1C720E0BD7100056A8F /* MviIntent.swift */; };
		3CCBF1CA20E0BD8E00056A8F /* MviResult.swift in Sources */ = {isa = PBXBuildFile; fileRef = 3CCBF1C920E0BD8E00056A8F /* MviResult.swift */; };
		3CCBF1CC20E0BDA400056A8F /* MviViewState.swift in Sources */ = {isa = PBXBuildFile; fileRef = 3CCBF1CB20E0BDA400056A8F /* MviViewState.swift */; };
		3CCBF1CE20E0BEAC00056A8F /* EntryIntent.swift in Sources */ = {isa = PBXBuildFile; fileRef = 3CCBF1CD20E0BEAC00056A8F /* EntryIntent.swift */; };
		3CCBF1D020E0C26C00056A8F /* EntryViewModel.swift in Sources */ = {isa = PBXBuildFile; fileRef = 3CCBF1CF20E0C26C00056A8F /* EntryViewModel.swift */; };
		3CCBF1D420E0C7A700056A8F /* EntryResult.swift in Sources */ = {isa = PBXBuildFile; fileRef = 3CCBF1D320E0C7A700056A8F /* EntryResult.swift */; };
		3CCBF1D620E0C7C600056A8F /* EntryViewState.swift in Sources */ = {isa = PBXBuildFile; fileRef = 3CCBF1D520E0C7C600056A8F /* EntryViewState.swift */; };
		3CCBF1D820E0CCBB00056A8F /* Rx.swift in Sources */ = {isa = PBXBuildFile; fileRef = 3CCBF1D720E0CCBB00056A8F /* Rx.swift */; };
		3CFC470020EFCEDA00A47403 /* ErrorJson.swift in Sources */ = {isa = PBXBuildFile; fileRef = 3CFC46FF20EFCEDA00A47403 /* ErrorJson.swift */; };
		3CFC470220EFCF9100A47403 /* HttpErrorResponse.swift in Sources */ = {isa = PBXBuildFile; fileRef = 3CFC470120EFCF9100A47403 /* HttpErrorResponse.swift */; };
		3CFC470420EFD8B200A47403 /* PinyinDetailsTableViewController.swift in Sources */ = {isa = PBXBuildFile; fileRef = 3CFC470320EFD8B200A47403 /* PinyinDetailsTableViewController.swift */; };
/* End PBXBuildFile section */

/* Begin PBXContainerItemProxy section */
		3CCBF19A20DD027300056A8F /* PBXContainerItemProxy */ = {
			isa = PBXContainerItemProxy;
			containerPortal = 3CCBF17D20DD027200056A8F /* Project object */;
			proxyType = 1;
			remoteGlobalIDString = 3CCBF18420DD027200056A8F;
			remoteInfo = "swift-mvi";
		};
		3CCBF1A520DD027400056A8F /* PBXContainerItemProxy */ = {
			isa = PBXContainerItemProxy;
			containerPortal = 3CCBF17D20DD027200056A8F /* Project object */;
			proxyType = 1;
			remoteGlobalIDString = 3CCBF18420DD027200056A8F;
			remoteInfo = "swift-mvi";
		};
/* End PBXContainerItemProxy section */

/* Begin PBXFileReference section */
		3C31542720E5891100C50950 /* Copy.swift */ = {isa = PBXFileReference; lastKnownFileType = sourcecode.swift; path = Copy.swift; sourceTree = "<group>"; };
		3C567B4320EFE07E003D3A76 /* Connection.swift */ = {isa = PBXFileReference; lastKnownFileType = sourcecode.swift; path = Connection.swift; sourceTree = "<group>"; };
		3C567B4520EFE15C003D3A76 /* AlmoConnection.swift */ = {isa = PBXFileReference; lastKnownFileType = sourcecode.swift; path = AlmoConnection.swift; sourceTree = "<group>"; };
		3C567B4820EFE1DB003D3A76 /* StubConnection.swift */ = {isa = PBXFileReference; lastKnownFileType = sourcecode.swift; path = StubConnection.swift; sourceTree = "<group>"; };
		3C567B4A20EFE590003D3A76 /* RxRealm.framework */ = {isa = PBXFileReference; lastKnownFileType = wrapper.framework; name = RxRealm.framework; path = Carthage/Build/iOS/RxRealm.framework; sourceTree = "<group>"; };
		3C567B4D20F00A64003D3A76 /* SoundPlayer.swift */ = {isa = PBXFileReference; lastKnownFileType = sourcecode.swift; path = SoundPlayer.swift; sourceTree = "<group>"; };
		3C7273C820E2B74E00FC69DA /* View.swift */ = {isa = PBXFileReference; lastKnownFileType = sourcecode.swift; path = View.swift; sourceTree = "<group>"; };
		3C73011F20E37A3100C139BA /* RealmSwift.framework */ = {isa = PBXFileReference; lastKnownFileType = wrapper.framework; name = RealmSwift.framework; path = Carthage/Build/iOS/RealmSwift.framework; sourceTree = "<group>"; };
		3C73012020E37A3100C139BA /* Realm.framework */ = {isa = PBXFileReference; lastKnownFileType = wrapper.framework; name = Realm.framework; path = Carthage/Build/iOS/Realm.framework; sourceTree = "<group>"; };
		3C8EE06E20E43C7B0057D8B7 /* PinyinDetailViewController.swift */ = {isa = PBXFileReference; lastKnownFileType = sourcecode.swift; path = PinyinDetailViewController.swift; sourceTree = "<group>"; };
		3C8EE07020E43C820057D8B7 /* PinyinDetailIntent.swift */ = {isa = PBXFileReference; lastKnownFileType = sourcecode.swift; path = PinyinDetailIntent.swift; sourceTree = "<group>"; };
		3C8EE07220E43C9C0057D8B7 /* PinyinDetailResult.swift */ = {isa = PBXFileReference; lastKnownFileType = sourcecode.swift; path = PinyinDetailResult.swift; sourceTree = "<group>"; };
		3C8EE07420E43CA80057D8B7 /* PinyinDetailViewState.swift */ = {isa = PBXFileReference; lastKnownFileType = sourcecode.swift; path = PinyinDetailViewState.swift; sourceTree = "<group>"; };
		3C8EE07620E43CB90057D8B7 /* PinyinDetailViewModel.swift */ = {isa = PBXFileReference; lastKnownFileType = sourcecode.swift; path = PinyinDetailViewModel.swift; sourceTree = "<group>"; };
		3C8F00F820E62C9000022DF6 /* SearchPinyin.swift */ = {isa = PBXFileReference; lastKnownFileType = sourcecode.swift; path = SearchPinyin.swift; sourceTree = "<group>"; };
		3C8F00FA20E62CD500022DF6 /* SavePinyin.swift */ = {isa = PBXFileReference; lastKnownFileType = sourcecode.swift; path = SavePinyin.swift; sourceTree = "<group>"; };
		3C8F00FC20E62D0800022DF6 /* CountPinyin.swift */ = {isa = PBXFileReference; lastKnownFileType = sourcecode.swift; path = CountPinyin.swift; sourceTree = "<group>"; };
		3C8F010020E636BD00022DF6 /* PinyinListTableView.swift */ = {isa = PBXFileReference; lastKnownFileType = sourcecode.swift; path = PinyinListTableView.swift; sourceTree = "<group>"; };
		3C8F010320E636E100022DF6 /* PinyinEnglishTableViewCell.swift */ = {isa = PBXFileReference; lastKnownFileType = sourcecode.swift; path = PinyinEnglishTableViewCell.swift; sourceTree = "<group>"; };
		3C8F010520E6370900022DF6 /* PinyinEnglishTableViewCell.xib */ = {isa = PBXFileReference; lastKnownFileType = file.xib; path = PinyinEnglishTableViewCell.xib; sourceTree = "<group>"; };
		3C8F010820E6390300022DF6 /* PinyinEnglishTableView.swift */ = {isa = PBXFileReference; lastKnownFileType = sourcecode.swift; path = PinyinEnglishTableView.swift; sourceTree = "<group>"; };
		3C8F010C20E658E300022DF6 /* PinyinCharacterTableViewCell.swift */ = {isa = PBXFileReference; lastKnownFileType = sourcecode.swift; path = PinyinCharacterTableViewCell.swift; sourceTree = "<group>"; };
		3C8F010E20E658F600022DF6 /* PinyinCharacterTableView.swift */ = {isa = PBXFileReference; lastKnownFileType = sourcecode.swift; path = PinyinCharacterTableView.swift; sourceTree = "<group>"; };
		3C8F011220E6598B00022DF6 /* PinyinCharacterTableViewCell.xib */ = {isa = PBXFileReference; fileEncoding = 4; lastKnownFileType = file.xib; path = PinyinCharacterTableViewCell.xib; sourceTree = "<group>"; };
		3C8F011420E65AC200022DF6 /* PinyinPhoneticTableViewCell.swift */ = {isa = PBXFileReference; lastKnownFileType = sourcecode.swift; path = PinyinPhoneticTableViewCell.swift; sourceTree = "<group>"; };
		3C8F011620E65ACE00022DF6 /* PinyinPhoneticTableView.swift */ = {isa = PBXFileReference; lastKnownFileType = sourcecode.swift; path = PinyinPhoneticTableView.swift; sourceTree = "<group>"; };
		3C8F011A20E65B4800022DF6 /* PinyinPhoneticTableViewCell.xib */ = {isa = PBXFileReference; fileEncoding = 4; lastKnownFileType = file.xib; path = PinyinPhoneticTableViewCell.xib; sourceTree = "<group>"; };
		3CAF730C20E41E0400C63759 /* SearchViewController.swift */ = {isa = PBXFileReference; lastKnownFileType = sourcecode.swift; path = SearchViewController.swift; sourceTree = "<group>"; };
		3CAF730E20E41E0E00C63759 /* SearchViewModel.swift */ = {isa = PBXFileReference; lastKnownFileType = sourcecode.swift; path = SearchViewModel.swift; sourceTree = "<group>"; };
		3CAF731020E41E1600C63759 /* SearchIntent.swift */ = {isa = PBXFileReference; lastKnownFileType = sourcecode.swift; path = SearchIntent.swift; sourceTree = "<group>"; };
		3CAF731220E41E2200C63759 /* SearchViewState.swift */ = {isa = PBXFileReference; lastKnownFileType = sourcecode.swift; path = SearchViewState.swift; sourceTree = "<group>"; };
		3CAF731420E41E2C00C63759 /* SearchResult.swift */ = {isa = PBXFileReference; lastKnownFileType = sourcecode.swift; path = SearchResult.swift; sourceTree = "<group>"; };
		3CAF731620E4255D00C63759 /* SearchPage.swift */ = {isa = PBXFileReference; lastKnownFileType = sourcecode.swift; path = SearchPage.swift; sourceTree = "<group>"; };
		3CB8A9CC20EF734D00D32E61 /* SegueBundle.swift */ = {isa = PBXFileReference; lastKnownFileType = sourcecode.swift; path = SegueBundle.swift; sourceTree = "<group>"; };
		3CBF3D9C20E42DE400F19354 /* PinyinListViewController.swift */ = {isa = PBXFileReference; lastKnownFileType = sourcecode.swift; path = PinyinListViewController.swift; sourceTree = "<group>"; };
		3CBF3D9E20E42DF300F19354 /* PinyinListViewModel.swift */ = {isa = PBXFileReference; lastKnownFileType = sourcecode.swift; path = PinyinListViewModel.swift; sourceTree = "<group>"; };
		3CBF3DA020E42DFD00F19354 /* PinyinListIntent.swift */ = {isa = PBXFileReference; lastKnownFileType = sourcecode.swift; path = PinyinListIntent.swift; sourceTree = "<group>"; };
		3CBF3DA220E42E0D00F19354 /* PinyinListViewState.swift */ = {isa = PBXFileReference; lastKnownFileType = sourcecode.swift; path = PinyinListViewState.swift; sourceTree = "<group>"; };
		3CBF3DA420E42E1C00F19354 /* PinyinListResult.swift */ = {isa = PBXFileReference; lastKnownFileType = sourcecode.swift; path = PinyinListResult.swift; sourceTree = "<group>"; };
		3CBF3DA720E4349200F19354 /* PinyinPhoneticViewController.swift */ = {isa = PBXFileReference; lastKnownFileType = sourcecode.swift; path = PinyinPhoneticViewController.swift; sourceTree = "<group>"; };
		3CBF3DA920E4349C00F19354 /* PinyinPhoneticViewModel.swift */ = {isa = PBXFileReference; lastKnownFileType = sourcecode.swift; path = PinyinPhoneticViewModel.swift; sourceTree = "<group>"; };
		3CBF3DAC20E434AD00F19354 /* PinyinCharacterViewController.swift */ = {isa = PBXFileReference; lastKnownFileType = sourcecode.swift; path = PinyinCharacterViewController.swift; sourceTree = "<group>"; };
		3CBF3DAE20E434B500F19354 /* PinyinCharacterViewModel.swift */ = {isa = PBXFileReference; lastKnownFileType = sourcecode.swift; path = PinyinCharacterViewModel.swift; sourceTree = "<group>"; };
		3CBF3DB120E434C900F19354 /* PinyinEnglishViewController.swift */ = {isa = PBXFileReference; lastKnownFileType = sourcecode.swift; path = PinyinEnglishViewController.swift; sourceTree = "<group>"; };
		3CBF3DB320E434D200F19354 /* PinyinEnglishViewModel.swift */ = {isa = PBXFileReference; lastKnownFileType = sourcecode.swift; path = PinyinEnglishViewModel.swift; sourceTree = "<group>"; };
		3CC08B8120E2A4DF00C32823 /* RxHttp.swift */ = {isa = PBXFileReference; lastKnownFileType = sourcecode.swift; path = RxHttp.swift; sourceTree = "<group>"; };
		3CC08B8320E2A59600C32823 /* Logger.swift */ = {isa = PBXFileReference; lastKnownFileType = sourcecode.swift; path = Logger.swift; sourceTree = "<group>"; };
		3CC08B8520E2A8F400C32823 /* HttpResponse.swift */ = {isa = PBXFileReference; lastKnownFileType = sourcecode.swift; path = HttpResponse.swift; sourceTree = "<group>"; };
		3CC08B8920E2ABB800C32823 /* Alamofire.framework */ = {isa = PBXFileReference; lastKnownFileType = wrapper.framework; name = Alamofire.framework; path = Carthage/Build/iOS/Alamofire.framework; sourceTree = "<group>"; };
		3CC08B9020E2AE8200C32823 /* PinyinApi.swift */ = {isa = PBXFileReference; lastKnownFileType = sourcecode.swift; path = PinyinApi.swift; sourceTree = "<group>"; };
		3CC08B9220E2AECD00C32823 /* PinyinWrapperJson.swift */ = {isa = PBXFileReference; lastKnownFileType = sourcecode.swift; path = PinyinWrapperJson.swift; sourceTree = "<group>"; };
		3CC08B9420E2AF1500C32823 /* PinyinJson.swift */ = {isa = PBXFileReference; lastKnownFileType = sourcecode.swift; path = PinyinJson.swift; sourceTree = "<group>"; };
		3CC08B9620E2B10C00C32823 /* ApiConfig.swift */ = {isa = PBXFileReference; lastKnownFileType = sourcecode.swift; path = ApiConfig.swift; sourceTree = "<group>"; };
		3CC08B9920E2B1F100C32823 /* FetchAndSavePinyin.swift */ = {isa = PBXFileReference; lastKnownFileType = sourcecode.swift; path = FetchAndSavePinyin.swift; sourceTree = "<group>"; };
		3CC08B9B20E2B25600C32823 /* Pinyin.swift */ = {isa = PBXFileReference; lastKnownFileType = sourcecode.swift; path = Pinyin.swift; sourceTree = "<group>"; };
		3CCBF18520DD027200056A8F /* swift-mvi.app */ = {isa = PBXFileReference; explicitFileType = wrapper.application; includeInIndex = 0; path = "swift-mvi.app"; sourceTree = BUILT_PRODUCTS_DIR; };
		3CCBF18820DD027200056A8F /* AppDelegate.swift */ = {isa = PBXFileReference; lastKnownFileType = sourcecode.swift; path = AppDelegate.swift; sourceTree = "<group>"; };
		3CCBF18A20DD027200056A8F /* EntryViewController.swift */ = {isa = PBXFileReference; lastKnownFileType = sourcecode.swift; path = EntryViewController.swift; sourceTree = "<group>"; };
		3CCBF18D20DD027200056A8F /* Base */ = {isa = PBXFileReference; lastKnownFileType = file.storyboard; name = Base; path = Base.lproj/Main.storyboard; sourceTree = "<group>"; };
		3CCBF18F20DD027300056A8F /* Assets.xcassets */ = {isa = PBXFileReference; lastKnownFileType = folder.assetcatalog; path = Assets.xcassets; sourceTree = "<group>"; };
		3CCBF19220DD027300056A8F /* Base */ = {isa = PBXFileReference; lastKnownFileType = file.storyboard; name = Base; path = Base.lproj/LaunchScreen.storyboard; sourceTree = "<group>"; };
		3CCBF19420DD027300056A8F /* Info.plist */ = {isa = PBXFileReference; lastKnownFileType = text.plist.xml; path = Info.plist; sourceTree = "<group>"; };
		3CCBF19920DD027300056A8F /* swift-mviTests.xctest */ = {isa = PBXFileReference; explicitFileType = wrapper.cfbundle; includeInIndex = 0; path = "swift-mviTests.xctest"; sourceTree = BUILT_PRODUCTS_DIR; };
		3CCBF19D20DD027300056A8F /* swift_mviTests.swift */ = {isa = PBXFileReference; lastKnownFileType = sourcecode.swift; path = swift_mviTests.swift; sourceTree = "<group>"; };
		3CCBF19F20DD027300056A8F /* Info.plist */ = {isa = PBXFileReference; lastKnownFileType = text.plist.xml; path = Info.plist; sourceTree = "<group>"; };
		3CCBF1A420DD027400056A8F /* swift-mviUITests.xctest */ = {isa = PBXFileReference; explicitFileType = wrapper.cfbundle; includeInIndex = 0; path = "swift-mviUITests.xctest"; sourceTree = BUILT_PRODUCTS_DIR; };
		3CCBF1A820DD027400056A8F /* swift_mviUITests.swift */ = {isa = PBXFileReference; lastKnownFileType = sourcecode.swift; path = swift_mviUITests.swift; sourceTree = "<group>"; };
		3CCBF1AA20DD027400056A8F /* Info.plist */ = {isa = PBXFileReference; lastKnownFileType = text.plist.xml; path = Info.plist; sourceTree = "<group>"; };
		3CCBF1B720E0B87700056A8F /* RxSwift.framework */ = {isa = PBXFileReference; lastKnownFileType = wrapper.framework; name = RxSwift.framework; path = Carthage/Build/iOS/RxSwift.framework; sourceTree = "<group>"; };
		3CCBF1B920E0B87700056A8F /* RxCocoa.framework */ = {isa = PBXFileReference; lastKnownFileType = wrapper.framework; name = RxCocoa.framework; path = Carthage/Build/iOS/RxCocoa.framework; sourceTree = "<group>"; };
		3CCBF1BA20E0B87700056A8F /* RxBlocking.framework */ = {isa = PBXFileReference; lastKnownFileType = wrapper.framework; name = RxBlocking.framework; path = Carthage/Build/iOS/RxBlocking.framework; sourceTree = "<group>"; };
		3CCBF1C320E0BD2B00056A8F /* MviViewController.swift */ = {isa = PBXFileReference; lastKnownFileType = sourcecode.swift; path = MviViewController.swift; sourceTree = "<group>"; };
		3CCBF1C520E0BD4E00056A8F /* MviViewModel.swift */ = {isa = PBXFileReference; lastKnownFileType = sourcecode.swift; path = MviViewModel.swift; sourceTree = "<group>"; };
		3CCBF1C720E0BD7100056A8F /* MviIntent.swift */ = {isa = PBXFileReference; lastKnownFileType = sourcecode.swift; path = MviIntent.swift; sourceTree = "<group>"; };
		3CCBF1C920E0BD8E00056A8F /* MviResult.swift */ = {isa = PBXFileReference; lastKnownFileType = sourcecode.swift; path = MviResult.swift; sourceTree = "<group>"; };
		3CCBF1CB20E0BDA400056A8F /* MviViewState.swift */ = {isa = PBXFileReference; lastKnownFileType = sourcecode.swift; path = MviViewState.swift; sourceTree = "<group>"; };
		3CCBF1CD20E0BEAC00056A8F /* EntryIntent.swift */ = {isa = PBXFileReference; lastKnownFileType = sourcecode.swift; path = EntryIntent.swift; sourceTree = "<group>"; };
		3CCBF1CF20E0C26C00056A8F /* EntryViewModel.swift */ = {isa = PBXFileReference; lastKnownFileType = sourcecode.swift; path = EntryViewModel.swift; sourceTree = "<group>"; };
		3CCBF1D320E0C7A700056A8F /* EntryResult.swift */ = {isa = PBXFileReference; lastKnownFileType = sourcecode.swift; path = EntryResult.swift; sourceTree = "<group>"; };
		3CCBF1D520E0C7C600056A8F /* EntryViewState.swift */ = {isa = PBXFileReference; lastKnownFileType = sourcecode.swift; path = EntryViewState.swift; sourceTree = "<group>"; };
		3CCBF1D720E0CCBB00056A8F /* Rx.swift */ = {isa = PBXFileReference; lastKnownFileType = sourcecode.swift; path = Rx.swift; sourceTree = "<group>"; };
		3CFC46FF20EFCEDA00A47403 /* ErrorJson.swift */ = {isa = PBXFileReference; lastKnownFileType = sourcecode.swift; path = ErrorJson.swift; sourceTree = "<group>"; };
		3CFC470120EFCF9100A47403 /* HttpErrorResponse.swift */ = {isa = PBXFileReference; fileEncoding = 4; lastKnownFileType = sourcecode.swift; path = HttpErrorResponse.swift; sourceTree = "<group>"; };
		3CFC470320EFD8B200A47403 /* PinyinDetailsTableViewController.swift */ = {isa = PBXFileReference; lastKnownFileType = sourcecode.swift; path = PinyinDetailsTableViewController.swift; sourceTree = "<group>"; };
/* End PBXFileReference section */

/* Begin PBXFrameworksBuildPhase section */
		3CCBF18220DD027200056A8F /* Frameworks */ = {
			isa = PBXFrameworksBuildPhase;
			buildActionMask = 2147483647;
			files = (
				3CCBF1BB20E0B87700056A8F /* RxSwift.framework in Frameworks */,
				3CCBF1BD20E0B87700056A8F /* RxCocoa.framework in Frameworks */,
				3C73012120E37A3200C139BA /* RealmSwift.framework in Frameworks */,
				3C73012220E37A3200C139BA /* Realm.framework in Frameworks */,
				3CCBF1BE20E0B87700056A8F /* RxBlocking.framework in Frameworks */,
				3CC08B8C20E2ABB800C32823 /* Alamofire.framework in Frameworks */,
			);
			runOnlyForDeploymentPostprocessing = 0;
		};
		3CCBF19620DD027300056A8F /* Frameworks */ = {
			isa = PBXFrameworksBuildPhase;
			buildActionMask = 2147483647;
			files = (
			);
			runOnlyForDeploymentPostprocessing = 0;
		};
		3CCBF1A120DD027300056A8F /* Frameworks */ = {
			isa = PBXFrameworksBuildPhase;
			buildActionMask = 2147483647;
			files = (
			);
			runOnlyForDeploymentPostprocessing = 0;
		};
/* End PBXFrameworksBuildPhase section */

/* Begin PBXGroup section */
		3C15820220E2302D0069FAF1 /* network */ = {
			isa = PBXGroup;
			children = (
				3C567B4720EFE1CB003D3A76 /* stub */,
				3CC08B8120E2A4DF00C32823 /* RxHttp.swift */,
				3CFC470120EFCF9100A47403 /* HttpErrorResponse.swift */,
				3CC08B8520E2A8F400C32823 /* HttpResponse.swift */,
				3C567B4320EFE07E003D3A76 /* Connection.swift */,
				3C567B4520EFE15C003D3A76 /* AlmoConnection.swift */,
			);
			path = network;
			sourceTree = "<group>";
		};
		3C567B4720EFE1CB003D3A76 /* stub */ = {
			isa = PBXGroup;
			children = (
				3C567B4820EFE1DB003D3A76 /* StubConnection.swift */,
			);
			path = stub;
			sourceTree = "<group>";
		};
		3C567B4C20F009F9003D3A76 /* media */ = {
			isa = PBXGroup;
			children = (
				3C567B4D20F00A64003D3A76 /* SoundPlayer.swift */,
			);
			path = media;
			sourceTree = "<group>";
		};
		3C73011C20E3786400C139BA /* realm */ = {
			isa = PBXGroup;
			children = (
				3CC08B9B20E2B25600C32823 /* Pinyin.swift */,
				3C8F00F820E62C9000022DF6 /* SearchPinyin.swift */,
				3C8F00FA20E62CD500022DF6 /* SavePinyin.swift */,
				3C8F00FC20E62D0800022DF6 /* CountPinyin.swift */,
			);
			path = realm;
			sourceTree = "<group>";
		};
		3C8EE06D20E43C6D0057D8B7 /* detail */ = {
			isa = PBXGroup;
			children = (
				3C8EE06E20E43C7B0057D8B7 /* PinyinDetailViewController.swift */,
				3C8EE07020E43C820057D8B7 /* PinyinDetailIntent.swift */,
				3C8EE07220E43C9C0057D8B7 /* PinyinDetailResult.swift */,
				3C8EE07420E43CA80057D8B7 /* PinyinDetailViewState.swift */,
				3C8EE07620E43CB90057D8B7 /* PinyinDetailViewModel.swift */,
				3CFC470320EFD8B200A47403 /* PinyinDetailsTableViewController.swift */,
			);
			path = detail;
			sourceTree = "<group>";
		};
		3C8F010220E636CB00022DF6 /* tableview */ = {
			isa = PBXGroup;
			children = (
				3C8F010320E636E100022DF6 /* PinyinEnglishTableViewCell.swift */,
				3C8F010520E6370900022DF6 /* PinyinEnglishTableViewCell.xib */,
				3C8F010820E6390300022DF6 /* PinyinEnglishTableView.swift */,
			);
			path = tableview;
			sourceTree = "<group>";
		};
		3C8F010A20E658B100022DF6 /* tableview */ = {
			isa = PBXGroup;
			children = (
				3C8F010C20E658E300022DF6 /* PinyinCharacterTableViewCell.swift */,
				3C8F011220E6598B00022DF6 /* PinyinCharacterTableViewCell.xib */,
				3C8F010E20E658F600022DF6 /* PinyinCharacterTableView.swift */,
			);
			path = tableview;
			sourceTree = "<group>";
		};
		3C8F010B20E658CC00022DF6 /* tableview */ = {
			isa = PBXGroup;
			children = (
				3C8F011420E65AC200022DF6 /* PinyinPhoneticTableViewCell.swift */,
				3C8F011A20E65B4800022DF6 /* PinyinPhoneticTableViewCell.xib */,
				3C8F011620E65ACE00022DF6 /* PinyinPhoneticTableView.swift */,
			);
			path = tableview;
			sourceTree = "<group>";
		};
		3CAF730920E41D7700C63759 /* ui */ = {
			isa = PBXGroup;
			children = (
				3C7273C820E2B74E00FC69DA /* View.swift */,
				3CB8A9CC20EF734D00D32E61 /* SegueBundle.swift */,
				3CAF730A20E41DBB00C63759 /* search */,
				3CCBF1D920E0D73E00056A8F /* entry */,
			);
			path = ui;
			sourceTree = "<group>";
		};
		3CAF730A20E41DBB00C63759 /* search */ = {
			isa = PBXGroup;
			children = (
				3C8EE06D20E43C6D0057D8B7 /* detail */,
				3CBF3D9B20E42DD300F19354 /* list */,
				3CAF730C20E41E0400C63759 /* SearchViewController.swift */,
				3CAF730E20E41E0E00C63759 /* SearchViewModel.swift */,
				3CAF731020E41E1600C63759 /* SearchIntent.swift */,
				3CAF731220E41E2200C63759 /* SearchViewState.swift */,
				3CAF731420E41E2C00C63759 /* SearchResult.swift */,
				3CAF731620E4255D00C63759 /* SearchPage.swift */,
			);
			path = search;
			sourceTree = "<group>";
		};
		3CBF3D9B20E42DD300F19354 /* list */ = {
			isa = PBXGroup;
			children = (
				3CBF3DB020E434B900F19354 /* english */,
				3CBF3DAB20E4349F00F19354 /* character */,
				3CBF3DA620E4347300F19354 /* phonetic */,
				3CBF3D9C20E42DE400F19354 /* PinyinListViewController.swift */,
				3CBF3D9E20E42DF300F19354 /* PinyinListViewModel.swift */,
				3CBF3DA020E42DFD00F19354 /* PinyinListIntent.swift */,
				3CBF3DA220E42E0D00F19354 /* PinyinListViewState.swift */,
				3CBF3DA420E42E1C00F19354 /* PinyinListResult.swift */,
				3C8F010020E636BD00022DF6 /* PinyinListTableView.swift */,
			);
			path = list;
			sourceTree = "<group>";
		};
		3CBF3DA620E4347300F19354 /* phonetic */ = {
			isa = PBXGroup;
			children = (
				3C8F010B20E658CC00022DF6 /* tableview */,
				3CBF3DA720E4349200F19354 /* PinyinPhoneticViewController.swift */,
				3CBF3DA920E4349C00F19354 /* PinyinPhoneticViewModel.swift */,
			);
			path = phonetic;
			sourceTree = "<group>";
		};
		3CBF3DAB20E4349F00F19354 /* character */ = {
			isa = PBXGroup;
			children = (
				3C8F010A20E658B100022DF6 /* tableview */,
				3CBF3DAC20E434AD00F19354 /* PinyinCharacterViewController.swift */,
				3CBF3DAE20E434B500F19354 /* PinyinCharacterViewModel.swift */,
			);
			path = character;
			sourceTree = "<group>";
		};
		3CBF3DB020E434B900F19354 /* english */ = {
			isa = PBXGroup;
			children = (
				3C8F010220E636CB00022DF6 /* tableview */,
				3CBF3DB120E434C900F19354 /* PinyinEnglishViewController.swift */,
				3CBF3DB320E434D200F19354 /* PinyinEnglishViewModel.swift */,
			);
			path = english;
			sourceTree = "<group>";
		};
		3CC08B8F20E2AD2200C32823 /* api */ = {
			isa = PBXGroup;
			children = (
				3CC08B9020E2AE8200C32823 /* PinyinApi.swift */,
				3CC08B9220E2AECD00C32823 /* PinyinWrapperJson.swift */,
				3CC08B9420E2AF1500C32823 /* PinyinJson.swift */,
				3CC08B9620E2B10C00C32823 /* ApiConfig.swift */,
				3CFC46FF20EFCEDA00A47403 /* ErrorJson.swift */,
			);
			path = api;
			sourceTree = "<group>";
		};
		3CC08B9820E2B1DE00C32823 /* usecase */ = {
			isa = PBXGroup;
			children = (
				3CC08B9920E2B1F100C32823 /* FetchAndSavePinyin.swift */,
			);
			path = usecase;
			sourceTree = "<group>";
		};
		3CCBF17C20DD027200056A8F = {
			isa = PBXGroup;
			children = (
				3CCBF18720DD027200056A8F /* swift-mvi */,
				3CCBF19C20DD027300056A8F /* swift-mviTests */,
				3CCBF1A720DD027400056A8F /* swift-mviUITests */,
				3CCBF18620DD027200056A8F /* Products */,
				3CCBF1B620E0B87700056A8F /* Frameworks */,
			);
			sourceTree = "<group>";
		};
		3CCBF18620DD027200056A8F /* Products */ = {
			isa = PBXGroup;
			children = (
				3CCBF18520DD027200056A8F /* swift-mvi.app */,
				3CCBF19920DD027300056A8F /* swift-mviTests.xctest */,
				3CCBF1A420DD027400056A8F /* swift-mviUITests.xctest */,
			);
			name = Products;
			sourceTree = "<group>";
		};
		3CCBF18720DD027200056A8F /* swift-mvi */ = {
			isa = PBXGroup;
			children = (
				3CCBF18C20DD027200056A8F /* Main.storyboard */,
				3CC08B8F20E2AD2200C32823 /* api */,
				3C15820220E2302D0069FAF1 /* network */,
				3C73011C20E3786400C139BA /* realm */,
				3C567B4C20F009F9003D3A76 /* media */,
				3CC08B9820E2B1DE00C32823 /* usecase */,
				3CAF730920E41D7700C63759 /* ui */,
				3CCBF18820DD027200056A8F /* AppDelegate.swift */,
				3CCBF18F20DD027300056A8F /* Assets.xcassets */,
				3CCBF19120DD027300056A8F /* LaunchScreen.storyboard */,
				3CCBF19420DD027300056A8F /* Info.plist */,
				3CCBF1C320E0BD2B00056A8F /* MviViewController.swift */,
				3CCBF1C520E0BD4E00056A8F /* MviViewModel.swift */,
				3CCBF1C720E0BD7100056A8F /* MviIntent.swift */,
				3CCBF1C920E0BD8E00056A8F /* MviResult.swift */,
				3CCBF1CB20E0BDA400056A8F /* MviViewState.swift */,
				3C31542720E5891100C50950 /* Copy.swift */,
				3CC08B8320E2A59600C32823 /* Logger.swift */,
				3CCBF1D720E0CCBB00056A8F /* Rx.swift */,
			);
			path = "swift-mvi";
			sourceTree = "<group>";
		};
		3CCBF19C20DD027300056A8F /* swift-mviTests */ = {
			isa = PBXGroup;
			children = (
				3CCBF19D20DD027300056A8F /* swift_mviTests.swift */,
				3CCBF19F20DD027300056A8F /* Info.plist */,
			);
			path = "swift-mviTests";
			sourceTree = "<group>";
		};
		3CCBF1A720DD027400056A8F /* swift-mviUITests */ = {
			isa = PBXGroup;
			children = (
				3CCBF1A820DD027400056A8F /* swift_mviUITests.swift */,
				3CCBF1AA20DD027400056A8F /* Info.plist */,
			);
			path = "swift-mviUITests";
			sourceTree = "<group>";
		};
		3CCBF1B620E0B87700056A8F /* Frameworks */ = {
			isa = PBXGroup;
			children = (
				3C567B4A20EFE590003D3A76 /* RxRealm.framework */,
				3C73012020E37A3100C139BA /* Realm.framework */,
				3C73011F20E37A3100C139BA /* RealmSwift.framework */,
				3CC08B8920E2ABB800C32823 /* Alamofire.framework */,
				3CCBF1BA20E0B87700056A8F /* RxBlocking.framework */,
				3CCBF1B920E0B87700056A8F /* RxCocoa.framework */,
				3CCBF1B720E0B87700056A8F /* RxSwift.framework */,
			);
			name = Frameworks;
			sourceTree = "<group>";
		};
		3CCBF1D920E0D73E00056A8F /* entry */ = {
			isa = PBXGroup;
			children = (
				3CCBF18A20DD027200056A8F /* EntryViewController.swift */,
				3CCBF1CF20E0C26C00056A8F /* EntryViewModel.swift */,
				3CCBF1CD20E0BEAC00056A8F /* EntryIntent.swift */,
				3CCBF1D520E0C7C600056A8F /* EntryViewState.swift */,
				3CCBF1D320E0C7A700056A8F /* EntryResult.swift */,
			);
			path = entry;
			sourceTree = "<group>";
		};
/* End PBXGroup section */

/* Begin PBXNativeTarget section */
		3CCBF18420DD027200056A8F /* swift-mvi */ = {
			isa = PBXNativeTarget;
			buildConfigurationList = 3CCBF1AD20DD027400056A8F /* Build configuration list for PBXNativeTarget "swift-mvi" */;
			buildPhases = (
				3CCBF18120DD027200056A8F /* Sources */,
				3CCBF18220DD027200056A8F /* Frameworks */,
				3CCBF18320DD027200056A8F /* Resources */,
				3CCBF1C120E0BB1100056A8F /* ShellScript */,
			);
			buildRules = (
			);
			dependencies = (
			);
			name = "swift-mvi";
			productName = "swift-mvi";
			productReference = 3CCBF18520DD027200056A8F /* swift-mvi.app */;
			productType = "com.apple.product-type.application";
		};
		3CCBF19820DD027300056A8F /* swift-mviTests */ = {
			isa = PBXNativeTarget;
			buildConfigurationList = 3CCBF1B020DD027400056A8F /* Build configuration list for PBXNativeTarget "swift-mviTests" */;
			buildPhases = (
				3CCBF19520DD027300056A8F /* Sources */,
				3CCBF19620DD027300056A8F /* Frameworks */,
				3CCBF19720DD027300056A8F /* Resources */,
			);
			buildRules = (
			);
			dependencies = (
				3CCBF19B20DD027300056A8F /* PBXTargetDependency */,
			);
			name = "swift-mviTests";
			productName = "swift-mviTests";
			productReference = 3CCBF19920DD027300056A8F /* swift-mviTests.xctest */;
			productType = "com.apple.product-type.bundle.unit-test";
		};
		3CCBF1A320DD027300056A8F /* swift-mviUITests */ = {
			isa = PBXNativeTarget;
			buildConfigurationList = 3CCBF1B320DD027400056A8F /* Build configuration list for PBXNativeTarget "swift-mviUITests" */;
			buildPhases = (
				3CCBF1A020DD027300056A8F /* Sources */,
				3CCBF1A120DD027300056A8F /* Frameworks */,
				3CCBF1A220DD027300056A8F /* Resources */,
			);
			buildRules = (
			);
			dependencies = (
				3CCBF1A620DD027400056A8F /* PBXTargetDependency */,
			);
			name = "swift-mviUITests";
			productName = "swift-mviUITests";
			productReference = 3CCBF1A420DD027400056A8F /* swift-mviUITests.xctest */;
			productType = "com.apple.product-type.bundle.ui-testing";
		};
/* End PBXNativeTarget section */

/* Begin PBXProject section */
		3CCBF17D20DD027200056A8F /* Project object */ = {
			isa = PBXProject;
			attributes = {
				LastSwiftUpdateCheck = 0930;
				LastUpgradeCheck = 0930;
				ORGANIZATIONNAME = memtrip;
				TargetAttributes = {
					3CCBF18420DD027200056A8F = {
						CreatedOnToolsVersion = 9.3.1;
					};
					3CCBF19820DD027300056A8F = {
						CreatedOnToolsVersion = 9.3.1;
						TestTargetID = 3CCBF18420DD027200056A8F;
					};
					3CCBF1A320DD027300056A8F = {
						CreatedOnToolsVersion = 9.3.1;
						TestTargetID = 3CCBF18420DD027200056A8F;
					};
				};
			};
			buildConfigurationList = 3CCBF18020DD027200056A8F /* Build configuration list for PBXProject "swift-mvi" */;
			compatibilityVersion = "Xcode 9.3";
			developmentRegion = en;
			hasScannedForEncodings = 0;
			knownRegions = (
				en,
				Base,
			);
			mainGroup = 3CCBF17C20DD027200056A8F;
			productRefGroup = 3CCBF18620DD027200056A8F /* Products */;
			projectDirPath = "";
			projectRoot = "";
			targets = (
				3CCBF18420DD027200056A8F /* swift-mvi */,
				3CCBF19820DD027300056A8F /* swift-mviTests */,
				3CCBF1A320DD027300056A8F /* swift-mviUITests */,
			);
		};
/* End PBXProject section */

/* Begin PBXResourcesBuildPhase section */
		3CCBF18320DD027200056A8F /* Resources */ = {
			isa = PBXResourcesBuildPhase;
			buildActionMask = 2147483647;
			files = (
				3C8F011320E6598B00022DF6 /* PinyinCharacterTableViewCell.xib in Resources */,
				3CCBF19320DD027300056A8F /* LaunchScreen.storyboard in Resources */,
				3C8F011B20E65B4800022DF6 /* PinyinPhoneticTableViewCell.xib in Resources */,
				3C8F010620E6370900022DF6 /* PinyinEnglishTableViewCell.xib in Resources */,
				3CCBF19020DD027300056A8F /* Assets.xcassets in Resources */,
				3CCBF18E20DD027200056A8F /* Main.storyboard in Resources */,
			);
			runOnlyForDeploymentPostprocessing = 0;
		};
		3CCBF19720DD027300056A8F /* Resources */ = {
			isa = PBXResourcesBuildPhase;
			buildActionMask = 2147483647;
			files = (
			);
			runOnlyForDeploymentPostprocessing = 0;
		};
		3CCBF1A220DD027300056A8F /* Resources */ = {
			isa = PBXResourcesBuildPhase;
			buildActionMask = 2147483647;
			files = (
			);
			runOnlyForDeploymentPostprocessing = 0;
		};
/* End PBXResourcesBuildPhase section */

/* Begin PBXShellScriptBuildPhase section */
		3CCBF1C120E0BB1100056A8F /* ShellScript */ = {
			isa = PBXShellScriptBuildPhase;
			buildActionMask = 2147483647;
			files = (
			);
			inputPaths = (
				"$(SRCROOT)/Carthage/Build/iOS/RxBlocking.framework",
				"$(SRCROOT)/Carthage/Build/iOS/RxCocoa.framework",
				"$(SRCROOT)/Carthage/Build/iOS/RxSwift.framework",
				"$(SRCROOT)/Carthage/Build/iOS/Alamofire.framework",
				"$(SRCROOT)/Carthage/Build/iOS/Realm.framework",
				"$(SRCROOT)/Carthage/Build/iOS/RealmSwift.framework",
			);
			outputPaths = (
				"$(BUILT_PRODUCTS_DIR)/$(FRAMEWORKS_FOLDER_PATH)/RxBlocking.framework",
				"$(BUILT_PRODUCTS_DIR)/$(FRAMEWORKS_FOLDER_PATH)/RxCocoa.framework",
				"$(BUILT_PRODUCTS_DIR)/$(FRAMEWORKS_FOLDER_PATH)/RxSwift.framework",
				"$(BUILT_PRODUCTS_DIR)/$(FRAMEWORKS_FOLDER_PATH)/RealmSwift.framework",
				"$(BUILT_PRODUCTS_DIR)/$(FRAMEWORKS_FOLDER_PATH)/Alamofire.framework",
				"$(BUILT_PRODUCTS_DIR)/$(FRAMEWORKS_FOLDER_PATH)/Realm.framework",
			);
			runOnlyForDeploymentPostprocessing = 0;
			shellPath = /bin/sh;
			shellScript = "/usr/local/bin/carthage copy-frameworks";
		};
/* End PBXShellScriptBuildPhase section */

/* Begin PBXSourcesBuildPhase section */
		3CCBF18120DD027200056A8F /* Sources */ = {
			isa = PBXSourcesBuildPhase;
			buildActionMask = 2147483647;
			files = (
				3C8EE07320E43C9C0057D8B7 /* PinyinDetailResult.swift in Sources */,
				3CCBF1CE20E0BEAC00056A8F /* EntryIntent.swift in Sources */,
				3CFC470020EFCEDA00A47403 /* ErrorJson.swift in Sources */,
				3CCBF1D020E0C26C00056A8F /* EntryViewModel.swift in Sources */,
				3CCBF18B20DD027200056A8F /* EntryViewController.swift in Sources */,
				3CCBF1D620E0C7C600056A8F /* EntryViewState.swift in Sources */,
				3CC08B9720E2B10C00C32823 /* ApiConfig.swift in Sources */,
				3C567B4420EFE07E003D3A76 /* Connection.swift in Sources */,
				3CCBF1CC20E0BDA400056A8F /* MviViewState.swift in Sources */,
				3CBF3DB220E434C900F19354 /* PinyinEnglishViewController.swift in Sources */,
				3CBF3DB420E434D200F19354 /* PinyinEnglishViewModel.swift in Sources */,
				3CC08B9520E2AF1500C32823 /* PinyinJson.swift in Sources */,
				3CFC470220EFCF9100A47403 /* HttpErrorResponse.swift in Sources */,
				3CBF3DA520E42E1C00F19354 /* PinyinListResult.swift in Sources */,
				3C8EE06F20E43C7B0057D8B7 /* PinyinDetailViewController.swift in Sources */,
				3C8F011720E65ACE00022DF6 /* PinyinPhoneticTableView.swift in Sources */,
				3C7273C920E2B74E00FC69DA /* View.swift in Sources */,
				3CCBF1D820E0CCBB00056A8F /* Rx.swift in Sources */,
				3C8F010420E636E100022DF6 /* PinyinEnglishTableViewCell.swift in Sources */,
				3CBF3DAF20E434B500F19354 /* PinyinCharacterViewModel.swift in Sources */,
				3CBF3D9D20E42DE400F19354 /* PinyinListViewController.swift in Sources */,
				3CBF3DAD20E434AD00F19354 /* PinyinCharacterViewController.swift in Sources */,
				3C567B4E20F00A64003D3A76 /* SoundPlayer.swift in Sources */,
				3CC08B9120E2AE8200C32823 /* PinyinApi.swift in Sources */,
				3CC08B8220E2A4DF00C32823 /* RxHttp.swift in Sources */,
				3C8F010F20E658F600022DF6 /* PinyinCharacterTableView.swift in Sources */,
				3CC08B8620E2A8F400C32823 /* HttpResponse.swift in Sources */,
				3C8EE07520E43CA80057D8B7 /* PinyinDetailViewState.swift in Sources */,
				3CFC470420EFD8B200A47403 /* PinyinDetailsTableViewController.swift in Sources */,
				3CCBF1CA20E0BD8E00056A8F /* MviResult.swift in Sources */,
				3CAF731320E41E2200C63759 /* SearchViewState.swift in Sources */,
				3CCBF1C620E0BD4E00056A8F /* MviViewModel.swift in Sources */,
				3CAF730D20E41E0400C63759 /* SearchViewController.swift in Sources */,
				3C8F010920E6390300022DF6 /* PinyinEnglishTableView.swift in Sources */,
				3CC08B8420E2A59600C32823 /* Logger.swift in Sources */,
				3C8EE07720E43CB90057D8B7 /* PinyinDetailViewModel.swift in Sources */,
				3C567B4920EFE1DB003D3A76 /* StubConnection.swift in Sources */,
				3C8F00FD20E62D0800022DF6 /* CountPinyin.swift in Sources */,
				3C8F00F920E62C9000022DF6 /* SearchPinyin.swift in Sources */,
				3CAF731720E4255D00C63759 /* SearchPage.swift in Sources */,
				3C567B4620EFE15C003D3A76 /* AlmoConnection.swift in Sources */,
				3CAF731120E41E1600C63759 /* SearchIntent.swift in Sources */,
				3C31542820E5891100C50950 /* Copy.swift in Sources */,
				3CAF731520E41E2C00C63759 /* SearchResult.swift in Sources */,
				3C8F00FB20E62CD500022DF6 /* SavePinyin.swift in Sources */,
				3CBF3DA120E42DFD00F19354 /* PinyinListIntent.swift in Sources */,
				3CAF730F20E41E0E00C63759 /* SearchViewModel.swift in Sources */,
				3CC08B9A20E2B1F100C32823 /* FetchAndSavePinyin.swift in Sources */,
				3CCBF18920DD027200056A8F /* AppDelegate.swift in Sources */,
				3C8F010120E636BD00022DF6 /* PinyinListTableView.swift in Sources */,
				3C8F010D20E658E300022DF6 /* PinyinCharacterTableViewCell.swift in Sources */,
				3C8EE07120E43C820057D8B7 /* PinyinDetailIntent.swift in Sources */,
				3CCBF1C820E0BD7100056A8F /* MviIntent.swift in Sources */,
				3CBF3D9F20E42DF300F19354 /* PinyinListViewModel.swift in Sources */,
				3CB8A9CD20EF734D00D32E61 /* SegueBundle.swift in Sources */,
				3CBF3DA320E42E0D00F19354 /* PinyinListViewState.swift in Sources */,
				3CCBF1C420E0BD2B00056A8F /* MviViewController.swift in Sources */,
				3CC08B9320E2AECD00C32823 /* PinyinWrapperJson.swift in Sources */,
				3CBF3DAA20E4349C00F19354 /* PinyinPhoneticViewModel.swift in Sources */,
				3CBF3DA820E4349200F19354 /* PinyinPhoneticViewController.swift in Sources */,
				3CCBF1D420E0C7A700056A8F /* EntryResult.swift in Sources */,
				3C8F011520E65AC200022DF6 /* PinyinPhoneticTableViewCell.swift in Sources */,
				3CC08B9C20E2B25600C32823 /* Pinyin.swift in Sources */,
			);
			runOnlyForDeploymentPostprocessing = 0;
		};
		3CCBF19520DD027300056A8F /* Sources */ = {
			isa = PBXSourcesBuildPhase;
			buildActionMask = 2147483647;
			files = (
				3CCBF19E20DD027300056A8F /* swift_mviTests.swift in Sources */,
			);
			runOnlyForDeploymentPostprocessing = 0;
		};
		3CCBF1A020DD027300056A8F /* Sources */ = {
			isa = PBXSourcesBuildPhase;
			buildActionMask = 2147483647;
			files = (
				3CCBF1A920DD027400056A8F /* swift_mviUITests.swift in Sources */,
			);
			runOnlyForDeploymentPostprocessing = 0;
		};
/* End PBXSourcesBuildPhase section */

/* Begin PBXTargetDependency section */
		3CCBF19B20DD027300056A8F /* PBXTargetDependency */ = {
			isa = PBXTargetDependency;
			target = 3CCBF18420DD027200056A8F /* swift-mvi */;
			targetProxy = 3CCBF19A20DD027300056A8F /* PBXContainerItemProxy */;
		};
		3CCBF1A620DD027400056A8F /* PBXTargetDependency */ = {
			isa = PBXTargetDependency;
			target = 3CCBF18420DD027200056A8F /* swift-mvi */;
			targetProxy = 3CCBF1A520DD027400056A8F /* PBXContainerItemProxy */;
		};
/* End PBXTargetDependency section */

/* Begin PBXVariantGroup section */
		3CCBF18C20DD027200056A8F /* Main.storyboard */ = {
			isa = PBXVariantGroup;
			children = (
				3CCBF18D20DD027200056A8F /* Base */,
			);
			name = Main.storyboard;
			sourceTree = "<group>";
		};
		3CCBF19120DD027300056A8F /* LaunchScreen.storyboard */ = {
			isa = PBXVariantGroup;
			children = (
				3CCBF19220DD027300056A8F /* Base */,
			);
			name = LaunchScreen.storyboard;
			sourceTree = "<group>";
		};
/* End PBXVariantGroup section */

/* Begin XCBuildConfiguration section */
		3CCBF1AB20DD027400056A8F /* Debug */ = {
			isa = XCBuildConfiguration;
			buildSettings = {
				ALWAYS_SEARCH_USER_PATHS = NO;
				CLANG_ANALYZER_NONNULL = YES;
				CLANG_ANALYZER_NUMBER_OBJECT_CONVERSION = YES_AGGRESSIVE;
				CLANG_CXX_LANGUAGE_STANDARD = "gnu++14";
				CLANG_CXX_LIBRARY = "libc++";
				CLANG_ENABLE_MODULES = YES;
				CLANG_ENABLE_OBJC_ARC = YES;
				CLANG_ENABLE_OBJC_WEAK = YES;
				CLANG_WARN_BLOCK_CAPTURE_AUTORELEASING = YES;
				CLANG_WARN_BOOL_CONVERSION = YES;
				CLANG_WARN_COMMA = YES;
				CLANG_WARN_CONSTANT_CONVERSION = YES;
				CLANG_WARN_DEPRECATED_OBJC_IMPLEMENTATIONS = YES;
				CLANG_WARN_DIRECT_OBJC_ISA_USAGE = YES_ERROR;
				CLANG_WARN_DOCUMENTATION_COMMENTS = YES;
				CLANG_WARN_EMPTY_BODY = YES;
				CLANG_WARN_ENUM_CONVERSION = YES;
				CLANG_WARN_INFINITE_RECURSION = YES;
				CLANG_WARN_INT_CONVERSION = YES;
				CLANG_WARN_NON_LITERAL_NULL_CONVERSION = YES;
				CLANG_WARN_OBJC_IMPLICIT_RETAIN_SELF = YES;
				CLANG_WARN_OBJC_LITERAL_CONVERSION = YES;
				CLANG_WARN_OBJC_ROOT_CLASS = YES_ERROR;
				CLANG_WARN_RANGE_LOOP_ANALYSIS = YES;
				CLANG_WARN_STRICT_PROTOTYPES = YES;
				CLANG_WARN_SUSPICIOUS_MOVE = YES;
				CLANG_WARN_UNGUARDED_AVAILABILITY = YES_AGGRESSIVE;
				CLANG_WARN_UNREACHABLE_CODE = YES;
				CLANG_WARN__DUPLICATE_METHOD_MATCH = YES;
				CODE_SIGN_IDENTITY = "iPhone Developer";
				COPY_PHASE_STRIP = NO;
				DEBUG_INFORMATION_FORMAT = dwarf;
				ENABLE_STRICT_OBJC_MSGSEND = YES;
				ENABLE_TESTABILITY = YES;
				GCC_C_LANGUAGE_STANDARD = gnu11;
				GCC_DYNAMIC_NO_PIC = NO;
				GCC_NO_COMMON_BLOCKS = YES;
				GCC_OPTIMIZATION_LEVEL = 0;
				GCC_PREPROCESSOR_DEFINITIONS = (
					"DEBUG=1",
					"$(inherited)",
				);
				GCC_WARN_64_TO_32_BIT_CONVERSION = YES;
				GCC_WARN_ABOUT_RETURN_TYPE = YES_ERROR;
				GCC_WARN_UNDECLARED_SELECTOR = YES;
				GCC_WARN_UNINITIALIZED_AUTOS = YES_AGGRESSIVE;
				GCC_WARN_UNUSED_FUNCTION = YES;
				GCC_WARN_UNUSED_VARIABLE = YES;
				IPHONEOS_DEPLOYMENT_TARGET = 11.3;
				MTL_ENABLE_DEBUG_INFO = YES;
				ONLY_ACTIVE_ARCH = YES;
				SDKROOT = iphoneos;
				SWIFT_ACTIVE_COMPILATION_CONDITIONS = DEBUG;
				SWIFT_OPTIMIZATION_LEVEL = "-Onone";
			};
			name = Debug;
		};
		3CCBF1AC20DD027400056A8F /* Release */ = {
			isa = XCBuildConfiguration;
			buildSettings = {
				ALWAYS_SEARCH_USER_PATHS = NO;
				CLANG_ANALYZER_NONNULL = YES;
				CLANG_ANALYZER_NUMBER_OBJECT_CONVERSION = YES_AGGRESSIVE;
				CLANG_CXX_LANGUAGE_STANDARD = "gnu++14";
				CLANG_CXX_LIBRARY = "libc++";
				CLANG_ENABLE_MODULES = YES;
				CLANG_ENABLE_OBJC_ARC = YES;
				CLANG_ENABLE_OBJC_WEAK = YES;
				CLANG_WARN_BLOCK_CAPTURE_AUTORELEASING = YES;
				CLANG_WARN_BOOL_CONVERSION = YES;
				CLANG_WARN_COMMA = YES;
				CLANG_WARN_CONSTANT_CONVERSION = YES;
				CLANG_WARN_DEPRECATED_OBJC_IMPLEMENTATIONS = YES;
				CLANG_WARN_DIRECT_OBJC_ISA_USAGE = YES_ERROR;
				CLANG_WARN_DOCUMENTATION_COMMENTS = YES;
				CLANG_WARN_EMPTY_BODY = YES;
				CLANG_WARN_ENUM_CONVERSION = YES;
				CLANG_WARN_INFINITE_RECURSION = YES;
				CLANG_WARN_INT_CONVERSION = YES;
				CLANG_WARN_NON_LITERAL_NULL_CONVERSION = YES;
				CLANG_WARN_OBJC_IMPLICIT_RETAIN_SELF = YES;
				CLANG_WARN_OBJC_LITERAL_CONVERSION = YES;
				CLANG_WARN_OBJC_ROOT_CLASS = YES_ERROR;
				CLANG_WARN_RANGE_LOOP_ANALYSIS = YES;
				CLANG_WARN_STRICT_PROTOTYPES = YES;
				CLANG_WARN_SUSPICIOUS_MOVE = YES;
				CLANG_WARN_UNGUARDED_AVAILABILITY = YES_AGGRESSIVE;
				CLANG_WARN_UNREACHABLE_CODE = YES;
				CLANG_WARN__DUPLICATE_METHOD_MATCH = YES;
				CODE_SIGN_IDENTITY = "iPhone Developer";
				COPY_PHASE_STRIP = NO;
				DEBUG_INFORMATION_FORMAT = "dwarf-with-dsym";
				ENABLE_NS_ASSERTIONS = NO;
				ENABLE_STRICT_OBJC_MSGSEND = YES;
				GCC_C_LANGUAGE_STANDARD = gnu11;
				GCC_NO_COMMON_BLOCKS = YES;
				GCC_WARN_64_TO_32_BIT_CONVERSION = YES;
				GCC_WARN_ABOUT_RETURN_TYPE = YES_ERROR;
				GCC_WARN_UNDECLARED_SELECTOR = YES;
				GCC_WARN_UNINITIALIZED_AUTOS = YES_AGGRESSIVE;
				GCC_WARN_UNUSED_FUNCTION = YES;
				GCC_WARN_UNUSED_VARIABLE = YES;
				IPHONEOS_DEPLOYMENT_TARGET = 11.3;
				MTL_ENABLE_DEBUG_INFO = NO;
				SDKROOT = iphoneos;
				SWIFT_COMPILATION_MODE = wholemodule;
				SWIFT_OPTIMIZATION_LEVEL = "-O";
				VALIDATE_PRODUCT = YES;
			};
			name = Release;
		};
		3CCBF1AE20DD027400056A8F /* Debug */ = {
			isa = XCBuildConfiguration;
			buildSettings = {
				ASSETCATALOG_COMPILER_APPICON_NAME = AppIcon;
				CODE_SIGN_STYLE = Automatic;
				FRAMEWORK_SEARCH_PATHS = (
					"$(inherited)",
					"$(PROJECT_DIR)/Carthage/Build/iOS",
				);
				INFOPLIST_FILE = "swift-mvi/Info.plist";
				LD_RUNPATH_SEARCH_PATHS = (
					"$(inherited)",
					"@executable_path/Frameworks",
				);
				PRODUCT_BUNDLE_IDENTIFIER = "memtrip.swift-mvi";
				PRODUCT_NAME = "$(TARGET_NAME)";
				SWIFT_VERSION = 4.0;
				TARGETED_DEVICE_FAMILY = "1,2";
			};
			name = Debug;
		};
		3CCBF1AF20DD027400056A8F /* Release */ = {
			isa = XCBuildConfiguration;
			buildSettings = {
				ASSETCATALOG_COMPILER_APPICON_NAME = AppIcon;
				CODE_SIGN_STYLE = Automatic;
				FRAMEWORK_SEARCH_PATHS = (
					"$(inherited)",
					"$(PROJECT_DIR)/Carthage/Build/iOS",
				);
				INFOPLIST_FILE = "swift-mvi/Info.plist";
				LD_RUNPATH_SEARCH_PATHS = (
					"$(inherited)",
					"@executable_path/Frameworks",
				);
				PRODUCT_BUNDLE_IDENTIFIER = "memtrip.swift-mvi";
				PRODUCT_NAME = "$(TARGET_NAME)";
				SWIFT_VERSION = 4.0;
				TARGETED_DEVICE_FAMILY = "1,2";
			};
			name = Release;
		};
		3CCBF1B120DD027400056A8F /* Debug */ = {
			isa = XCBuildConfiguration;
			buildSettings = {
				ALWAYS_EMBED_SWIFT_STANDARD_LIBRARIES = YES;
				BUNDLE_LOADER = "$(TEST_HOST)";
				CODE_SIGN_STYLE = Automatic;
				INFOPLIST_FILE = "swift-mviTests/Info.plist";
				LD_RUNPATH_SEARCH_PATHS = (
					"$(inherited)",
					"@executable_path/Frameworks",
					"@loader_path/Frameworks",
				);
				PRODUCT_BUNDLE_IDENTIFIER = "memtrip.swift-mviTests";
				PRODUCT_NAME = "$(TARGET_NAME)";
				SWIFT_VERSION = 4.0;
				TARGETED_DEVICE_FAMILY = "1,2";
				TEST_HOST = "$(BUILT_PRODUCTS_DIR)/swift-mvi.app/swift-mvi";
			};
			name = Debug;
		};
		3CCBF1B220DD027400056A8F /* Release */ = {
			isa = XCBuildConfiguration;
			buildSettings = {
				ALWAYS_EMBED_SWIFT_STANDARD_LIBRARIES = YES;
				BUNDLE_LOADER = "$(TEST_HOST)";
				CODE_SIGN_STYLE = Automatic;
				INFOPLIST_FILE = "swift-mviTests/Info.plist";
				LD_RUNPATH_SEARCH_PATHS = (
					"$(inherited)",
					"@executable_path/Frameworks",
					"@loader_path/Frameworks",
				);
				PRODUCT_BUNDLE_IDENTIFIER = "memtrip.swift-mviTests";
				PRODUCT_NAME = "$(TARGET_NAME)";
				SWIFT_VERSION = 4.0;
				TARGETED_DEVICE_FAMILY = "1,2";
				TEST_HOST = "$(BUILT_PRODUCTS_DIR)/swift-mvi.app/swift-mvi";
			};
			name = Release;
		};
		3CCBF1B420DD027400056A8F /* Debug */ = {
			isa = XCBuildConfiguration;
			buildSettings = {
				ALWAYS_EMBED_SWIFT_STANDARD_LIBRARIES = YES;
				CODE_SIGN_STYLE = Automatic;
				INFOPLIST_FILE = "swift-mviUITests/Info.plist";
				LD_RUNPATH_SEARCH_PATHS = (
					"$(inherited)",
					"@executable_path/Frameworks",
					"@loader_path/Frameworks",
				);
				PRODUCT_BUNDLE_IDENTIFIER = "memtrip.swift-mviUITests";
				PRODUCT_NAME = "$(TARGET_NAME)";
				SWIFT_VERSION = 4.0;
				TARGETED_DEVICE_FAMILY = "1,2";
				TEST_TARGET_NAME = "swift-mvi";
			};
			name = Debug;
		};
		3CCBF1B520DD027400056A8F /* Release */ = {
			isa = XCBuildConfiguration;
			buildSettings = {
				ALWAYS_EMBED_SWIFT_STANDARD_LIBRARIES = YES;
				CODE_SIGN_STYLE = Automatic;
				INFOPLIST_FILE = "swift-mviUITests/Info.plist";
				LD_RUNPATH_SEARCH_PATHS = (
					"$(inherited)",
					"@executable_path/Frameworks",
					"@loader_path/Frameworks",
				);
				PRODUCT_BUNDLE_IDENTIFIER = "memtrip.swift-mviUITests";
				PRODUCT_NAME = "$(TARGET_NAME)";
				SWIFT_VERSION = 4.0;
				TARGETED_DEVICE_FAMILY = "1,2";
				TEST_TARGET_NAME = "swift-mvi";
			};
			name = Release;
		};
/* End XCBuildConfiguration section */

/* Begin XCConfigurationList section */
		3CCBF18020DD027200056A8F /* Build configuration list for PBXProject "swift-mvi" */ = {
			isa = XCConfigurationList;
			buildConfigurations = (
				3CCBF1AB20DD027400056A8F /* Debug */,
				3CCBF1AC20DD027400056A8F /* Release */,
			);
			defaultConfigurationIsVisible = 0;
			defaultConfigurationName = Release;
		};
		3CCBF1AD20DD027400056A8F /* Build configuration list for PBXNativeTarget "swift-mvi" */ = {
			isa = XCConfigurationList;
			buildConfigurations = (
				3CCBF1AE20DD027400056A8F /* Debug */,
				3CCBF1AF20DD027400056A8F /* Release */,
			);
			defaultConfigurationIsVisible = 0;
			defaultConfigurationName = Release;
		};
		3CCBF1B020DD027400056A8F /* Build configuration list for PBXNativeTarget "swift-mviTests" */ = {
			isa = XCConfigurationList;
			buildConfigurations = (
				3CCBF1B120DD027400056A8F /* Debug */,
				3CCBF1B220DD027400056A8F /* Release */,
			);
			defaultConfigurationIsVisible = 0;
			defaultConfigurationName = Release;
		};
		3CCBF1B320DD027400056A8F /* Build configuration list for PBXNativeTarget "swift-mviUITests" */ = {
			isa = XCConfigurationList;
			buildConfigurations = (
				3CCBF1B420DD027400056A8F /* Debug */,
				3CCBF1B520DD027400056A8F /* Release */,
			);
			defaultConfigurationIsVisible = 0;
			defaultConfigurationName = Release;
		};
/* End XCConfigurationList section */
	};
	rootObject = 3CCBF17D20DD027200056A8F /* Project object */;
}
